
Microsoft Visual Studio Solution File, Format Version 12.00
# Visual Studio Version 16
VisualStudioVersion = 16.0.33328.57
MinimumVisualStudioVersion = 10.0.40219.1
Project("{9A19103F-16F7-4668-BE54-9A1E7A4F7556}") = "CatalogService", "CatalogService\CatalogService.csproj", "{636BFABE-28B9-43A2-A1AB-D138A59F40F9}"
EndProject
Project("{FAE04EC0-301F-11D3-BF4B-00C04F79EFBC}") = "APIGateway", "APIGateway\APIGateway.csproj", "{507A4ABC-BA54-4F24-B3E7-B5A5842928C7}"
EndProject
Global
	GlobalSection(SolutionConfigurationPlatforms) = preSolution
		Debug|Any CPU = Debug|Any CPU
		Release|Any CPU = Release|Any CPU
	EndGlobalSection
	GlobalSection(ProjectConfigurationPlatforms) = postSolution
		{636BFABE-28B9-43A2-A1AB-D138A59F40F9}.Debug|Any CPU.ActiveCfg = Debug|Any CPU
		{636BFABE-28B9-43A2-A1AB-D138A59F40F9}.Debug|Any CPU.Build.0 = Debug|Any CPU
		{636BFABE-28B9-43A2-A1AB-D138A59F40F9}.Release|Any CPU.ActiveCfg = Release|Any CPU
		{636BFABE-28B9-43A2-A1AB-D138A59F40F9}.Release|Any CPU.Build.0 = Release|Any CPU
		{507A4ABC-BA54-4F24-B3E7-B5A5842928C7}.Debug|Any CPU.ActiveCfg = Debug|Any CPU
		{507A4ABC-BA54-4F24-B3E7-B5A5842928C7}.Debug|Any CPU.Build.0 = Debug|Any CPU
		{507A4ABC-BA54-4F24-B3E7-B5A5842928C7}.Release|Any CPU.ActiveCfg = Release|Any CPU
		{507A4ABC-BA54-4F24-B3E7-B5A5842928C7}.Release|Any CPU.Build.0 = Release|Any CPU
	EndGlobalSection
	GlobalSection(SolutionProperties) = preSolution
		HideSolutionNode = FALSE
	EndGlobalSection
	GlobalSection(ExtensibilityGlobals) = postSolution
		SolutionGuid = {2F0855C3-54E1-429C-A48B-53A5914172B4}
	EndGlobalSection
EndGlobal
